
Microsoft Visual Studio Solution File, Format Version 12.00
# Visual Studio 15
VisualStudioVersion = 15.0.26124.0
MinimumVisualStudioVersion = 15.0.26124.0
Project("{9A19103F-16F7-4668-BE54-9A1E7A4F7556}") = "R5T.D0024.Construction", "R5T.D0024.Construction\R5T.D0024.Construction.csproj", "{17DAEFCC-9125-4CA1-8017-E57AAC726207}"
EndProject
Project("{9A19103F-16F7-4668-BE54-9A1E7A4F7556}") = "R5T.D0024", "R5T.D0024\R5T.D0024.csproj", "{75654C7B-8FC7-428F-B813-904295B956FA}"
EndProject
Project("{9A19103F-16F7-4668-BE54-9A1E7A4F7556}") = "R5T.D0024.Base", "R5T.D0024.Base\R5T.D0024.Base.csproj", "{86361B09-4EFD-496A-A5EB-1F5D5E3617A7}"
EndProject
Project("{2150E333-8FDC-42A3-9474-1A3956D46DE8}") = "_Dependencies", "_Dependencies", "{E6371F7F-5406-4B50-B42A-CD380FD966DE}"
EndProject
Project("{9A19103F-16F7-4668-BE54-9A1E7A4F7556}") = "R5T.Dacia.Extensions", "..\..\R5T.Dacia.Extensions\source\R5T.Dacia.Extensions\R5T.Dacia.Extensions.csproj", "{A58D0BC3-0737-48F4-BDC9-B2DDEE43387D}"
EndProject
Project("{9A19103F-16F7-4668-BE54-9A1E7A4F7556}") = "R5T.Dacia", "..\..\R5T.Dacia\source\R5T.Dacia\R5T.Dacia.csproj", "{1247DBB3-0C95-4829-B3FF-4D1DF76060F3}"
EndProject
Project("{9A19103F-16F7-4668-BE54-9A1E7A4F7556}") = "R5T.D0024.Default", "R5T.D0024.Default\R5T.D0024.Default.csproj", "{421136FF-4206-4F09-B2C1-1F1D55A46033}"
EndProject
Project("{9A19103F-16F7-4668-BE54-9A1E7A4F7556}") = "R5T.T0064", "..\..\R5T.T0064\source\R5T.T0064\R5T.T0064.csproj", "{7F825221-8371-44A4-9DD9-0E3442417400}"
EndProject
Global
	GlobalSection(SolutionConfigurationPlatforms) = preSolution
		Debug|Any CPU = Debug|Any CPU
		Debug|x64 = Debug|x64
		Debug|x86 = Debug|x86
		Release|Any CPU = Release|Any CPU
		Release|x64 = Release|x64
		Release|x86 = Release|x86
	EndGlobalSection
	GlobalSection(ProjectConfigurationPlatforms) = postSolution
		{17DAEFCC-9125-4CA1-8017-E57AAC726207}.Debug|Any CPU.ActiveCfg = Debug|Any CPU
		{17DAEFCC-9125-4CA1-8017-E57AAC726207}.Debug|Any CPU.Build.0 = Debug|Any CPU
		{17DAEFCC-9125-4CA1-8017-E57AAC726207}.Debug|x64.ActiveCfg = Debug|Any CPU
		{17DAEFCC-9125-4CA1-8017-E57AAC726207}.Debug|x64.Build.0 = Debug|Any CPU
		{17DAEFCC-9125-4CA1-8017-E57AAC726207}.Debug|x86.ActiveCfg = Debug|Any CPU
		{17DAEFCC-9125-4CA1-8017-E57AAC726207}.Debug|x86.Build.0 = Debug|Any CPU
		{17DAEFCC-9125-4CA1-8017-E57AAC726207}.Release|Any CPU.ActiveCfg = Release|Any CPU
		{17DAEFCC-9125-4CA1-8017-E57AAC726207}.Release|Any CPU.Build.0 = Release|Any CPU
		{17DAEFCC-9125-4CA1-8017-E57AAC726207}.Release|x64.ActiveCfg = Release|Any CPU
		{17DAEFCC-9125-4CA1-8017-E57AAC726207}.Release|x64.Build.0 = Release|Any CPU
		{17DAEFCC-9125-4CA1-8017-E57AAC726207}.Release|x86.ActiveCfg = Release|Any CPU
		{17DAEFCC-9125-4CA1-8017-E57AAC726207}.Release|x86.Build.0 = Release|Any CPU
		{75654C7B-8FC7-428F-B813-904295B956FA}.Debug|Any CPU.ActiveCfg = Debug|Any CPU
		{75654C7B-8FC7-428F-B813-904295B956FA}.Debug|Any CPU.Build.0 = Debug|Any CPU
		{75654C7B-8FC7-428F-B813-904295B956FA}.Debug|x64.ActiveCfg = Debug|Any CPU
		{75654C7B-8FC7-428F-B813-904295B956FA}.Debug|x64.Build.0 = Debug|Any CPU
		{75654C7B-8FC7-428F-B813-904295B956FA}.Debug|x86.ActiveCfg = Debug|Any CPU
		{75654C7B-8FC7-428F-B813-904295B956FA}.Debug|x86.Build.0 = Debug|Any CPU
		{75654C7B-8FC7-428F-B813-904295B956FA}.Release|Any CPU.ActiveCfg = Release|Any CPU
		{75654C7B-8FC7-428F-B813-904295B956FA}.Release|Any CPU.Build.0 = Release|Any CPU
		{75654C7B-8FC7-428F-B813-904295B956FA}.Release|x64.ActiveCfg = Release|Any CPU
		{75654C7B-8FC7-428F-B813-904295B956FA}.Release|x64.Build.0 = Release|Any CPU
		{75654C7B-8FC7-428F-B813-904295B956FA}.Release|x86.ActiveCfg = Release|Any CPU
		{75654C7B-8FC7-428F-B813-904295B956FA}.Release|x86.Build.0 = Release|Any CPU
		{86361B09-4EFD-496A-A5EB-1F5D5E3617A7}.Debug|Any CPU.ActiveCfg = Debug|Any CPU
		{86361B09-4EFD-496A-A5EB-1F5D5E3617A7}.Debug|Any CPU.Build.0 = Debug|Any CPU
		{86361B09-4EFD-496A-A5EB-1F5D5E3617A7}.Debug|x64.ActiveCfg = Debug|Any CPU
		{86361B09-4EFD-496A-A5EB-1F5D5E3617A7}.Debug|x64.Build.0 = Debug|Any CPU
		{86361B09-4EFD-496A-A5EB-1F5D5E3617A7}.Debug|x86.ActiveCfg = Debug|Any CPU
		{86361B09-4EFD-496A-A5EB-1F5D5E3617A7}.Debug|x86.Build.0 = Debug|Any CPU
		{86361B09-4EFD-496A-A5EB-1F5D5E3617A7}.Release|Any CPU.ActiveCfg = Release|Any CPU
		{86361B09-4EFD-496A-A5EB-1F5D5E3617A7}.Release|Any CPU.Build.0 = Release|Any CPU
		{86361B09-4EFD-496A-A5EB-1F5D5E3617A7}.Release|x64.ActiveCfg = Release|Any CPU
		{86361B09-4EFD-496A-A5EB-1F5D5E3617A7}.Release|x64.Build.0 = Release|Any CPU
		{86361B09-4EFD-496A-A5EB-1F5D5E3617A7}.Release|x86.ActiveCfg = Release|Any CPU
		{86361B09-4EFD-496A-A5EB-1F5D5E3617A7}.Release|x86.Build.0 = Release|Any CPU
		{A58D0BC3-0737-48F4-BDC9-B2DDEE43387D}.Debug|Any CPU.ActiveCfg = Debug|Any CPU
		{A58D0BC3-0737-48F4-BDC9-B2DDEE43387D}.Debug|Any CPU.Build.0 = Debug|Any CPU
		{A58D0BC3-0737-48F4-BDC9-B2DDEE43387D}.Debug|x64.ActiveCfg = Debug|Any CPU
		{A58D0BC3-0737-48F4-BDC9-B2DDEE43387D}.Debug|x64.Build.0 = Debug|Any CPU
		{A58D0BC3-0737-48F4-BDC9-B2DDEE43387D}.Debug|x86.ActiveCfg = Debug|Any CPU
		{A58D0BC3-0737-48F4-BDC9-B2DDEE43387D}.Debug|x86.Build.0 = Debug|Any CPU
		{A58D0BC3-0737-48F4-BDC9-B2DDEE43387D}.Release|Any CPU.ActiveCfg = Release|Any CPU
		{A58D0BC3-0737-48F4-BDC9-B2DDEE43387D}.Release|Any CPU.Build.0 = Release|Any CPU
		{A58D0BC3-0737-48F4-BDC9-B2DDEE43387D}.Release|x64.ActiveCfg = Release|Any CPU
		{A58D0BC3-0737-48F4-BDC9-B2DDEE43387D}.Release|x64.Build.0 = Release|Any CPU
		{A58D0BC3-0737-48F4-BDC9-B2DDEE43387D}.Release|x86.ActiveCfg = Release|Any CPU
		{A58D0BC3-0737-48F4-BDC9-B2DDEE43387D}.Release|x86.Build.0 = Release|Any CPU
		{1247DBB3-0C95-4829-B3FF-4D1DF76060F3}.Debug|Any CPU.ActiveCfg = Debug|Any CPU
		{1247DBB3-0C95-4829-B3FF-4D1DF76060F3}.Debug|Any CPU.Build.0 = Debug|Any CPU
		{1247DBB3-0C95-4829-B3FF-4D1DF76060F3}.Debug|x64.ActiveCfg = Debug|Any CPU
		{1247DBB3-0C95-4829-B3FF-4D1DF76060F3}.Debug|x64.Build.0 = Debug|Any CPU
		{1247DBB3-0C95-4829-B3FF-4D1DF76060F3}.Debug|x86.ActiveCfg = Debug|Any CPU
		{1247DBB3-0C95-4829-B3FF-4D1DF76060F3}.Debug|x86.Build.0 = Debug|Any CPU
		{1247DBB3-0C95-4829-B3FF-4D1DF76060F3}.Release|Any CPU.ActiveCfg = Release|Any CPU
		{1247DBB3-0C95-4829-B3FF-4D1DF76060F3}.Release|Any CPU.Build.0 = Release|Any CPU
		{1247DBB3-0C95-4829-B3FF-4D1DF76060F3}.Release|x64.ActiveCfg = Release|Any CPU
		{1247DBB3-0C95-4829-B3FF-4D1DF76060F3}.Release|x64.Build.0 = Release|Any CPU
		{1247DBB3-0C95-4829-B3FF-4D1DF76060F3}.Release|x86.ActiveCfg = Release|Any CPU
		{1247DBB3-0C95-4829-B3FF-4D1DF76060F3}.Release|x86.Build.0 = Release|Any CPU
		{421136FF-4206-4F09-B2C1-1F1D55A46033}.Debug|Any CPU.ActiveCfg = Debug|Any CPU
		{421136FF-4206-4F09-B2C1-1F1D55A46033}.Debug|Any CPU.Build.0 = Debug|Any CPU
		{421136FF-4206-4F09-B2C1-1F1D55A46033}.Debug|x64.ActiveCfg = Debug|Any CPU
		{421136FF-4206-4F09-B2C1-1F1D55A46033}.Debug|x64.Build.0 = Debug|Any CPU
		{421136FF-4206-4F09-B2C1-1F1D55A46033}.Debug|x86.ActiveCfg = Debug|Any CPU
		{421136FF-4206-4F09-B2C1-1F1D55A46033}.Debug|x86.Build.0 = Debug|Any CPU
		{421136FF-4206-4F09-B2C1-1F1D55A46033}.Release|Any CPU.ActiveCfg = Release|Any CPU
		{421136FF-4206-4F09-B2C1-1F1D55A46033}.Release|Any CPU.Build.0 = Release|Any CPU
		{421136FF-4206-4F09-B2C1-1F1D55A46033}.Release|x64.ActiveCfg = Release|Any CPU
		{421136FF-4206-4F09-B2C1-1F1D55A46033}.Release|x64.Build.0 = Release|Any CPU
		{421136FF-4206-4F09-B2C1-1F1D55A46033}.Release|x86.ActiveCfg = Release|Any CPU
		{421136FF-4206-4F09-B2C1-1F1D55A46033}.Release|x86.Build.0 = Release|Any CPU
		{7F825221-8371-44A4-9DD9-0E3442417400}.Debug|Any CPU.ActiveCfg = Debug|Any CPU
		{7F825221-8371-44A4-9DD9-0E3442417400}.Debug|Any CPU.Build.0 = Debug|Any CPU
		{7F825221-8371-44A4-9DD9-0E3442417400}.Debug|x64.ActiveCfg = Debug|Any CPU
		{7F825221-8371-44A4-9DD9-0E3442417400}.Debug|x64.Build.0 = Debug|Any CPU
		{7F825221-8371-44A4-9DD9-0E3442417400}.Debug|x86.ActiveCfg = Debug|Any CPU
		{7F825221-8371-44A4-9DD9-0E3442417400}.Debug|x86.Build.0 = Debug|Any CPU
		{7F825221-8371-44A4-9DD9-0E3442417400}.Release|Any CPU.ActiveCfg = Release|Any CPU
		{7F825221-8371-44A4-9DD9-0E3442417400}.Release|Any CPU.Build.0 = Release|Any CPU
		{7F825221-8371-44A4-9DD9-0E3442417400}.Release|x64.ActiveCfg = Release|Any CPU
		{7F825221-8371-44A4-9DD9-0E3442417400}.Release|x64.Build.0 = Release|Any CPU
		{7F825221-8371-44A4-9DD9-0E3442417400}.Release|x86.ActiveCfg = Release|Any CPU
		{7F825221-8371-44A4-9DD9-0E3442417400}.Release|x86.Build.0 = Release|Any CPU
	EndGlobalSection
	GlobalSection(SolutionProperties) = preSolution
		HideSolutionNode = FALSE
	EndGlobalSection
	GlobalSection(NestedProjects) = preSolution
		{A58D0BC3-0737-48F4-BDC9-B2DDEE43387D} = {E6371F7F-5406-4B50-B42A-CD380FD966DE}
		{1247DBB3-0C95-4829-B3FF-4D1DF76060F3} = {E6371F7F-5406-4B50-B42A-CD380FD966DE}
		{7F825221-8371-44A4-9DD9-0E3442417400} = {E6371F7F-5406-4B50-B42A-CD380FD966DE}
	EndGlobalSection
	GlobalSection(ExtensibilityGlobals) = postSolution
		SolutionGuid = {90528F60-EC6D-44E4-A3F1-A4357C24BC12}
	EndGlobalSection
EndGlobal
