
Microsoft Visual Studio Solution File, Format Version 12.00
# Visual Studio Version 16
VisualStudioVersion = 16.0.30114.105
MinimumVisualStudioVersion = 10.0.40219.1
Project("{FAE04EC0-301F-11D3-BF4B-00C04F79EFBC}") = "R5T.D0024", "R5T.D0024\R5T.D0024.csproj", "{E6B5870A-3ACF-4DD8-A560-0B2321585A3D}"
EndProject
Project("{FAE04EC0-301F-11D3-BF4B-00C04F79EFBC}") = "R5T.D0024.Base", "R5T.D0024.Base\R5T.D0024.Base.csproj", "{2706731C-416B-4FB7-89A6-77D21039E6FB}"
EndProject
Project("{FAE04EC0-301F-11D3-BF4B-00C04F79EFBC}") = "R5T.D0024.Construction", "R5T.D0024.Construction\R5T.D0024.Construction.csproj", "{90CF57F5-286F-45F4-B4F0-A384DD89BE9A}"
EndProject
Project("{FAE04EC0-301F-11D3-BF4B-00C04F79EFBC}") = "R5T.D0024.Default", "R5T.D0024.Default\R5T.D0024.Default.csproj", "{5B8DA5F1-EFE8-4156-9990-D156139E1CDA}"
EndProject
Global
	GlobalSection(SolutionConfigurationPlatforms) = preSolution
		Debug|Any CPU = Debug|Any CPU
		Debug|x64 = Debug|x64
		Debug|x86 = Debug|x86
		Release|Any CPU = Release|Any CPU
		Release|x64 = Release|x64
		Release|x86 = Release|x86
	EndGlobalSection
	GlobalSection(SolutionProperties) = preSolution
		HideSolutionNode = FALSE
	EndGlobalSection
	GlobalSection(ProjectConfigurationPlatforms) = postSolution
		{E6B5870A-3ACF-4DD8-A560-0B2321585A3D}.Debug|Any CPU.ActiveCfg = Debug|Any CPU
		{E6B5870A-3ACF-4DD8-A560-0B2321585A3D}.Debug|Any CPU.Build.0 = Debug|Any CPU
		{E6B5870A-3ACF-4DD8-A560-0B2321585A3D}.Debug|x64.ActiveCfg = Debug|Any CPU
		{E6B5870A-3ACF-4DD8-A560-0B2321585A3D}.Debug|x64.Build.0 = Debug|Any CPU
		{E6B5870A-3ACF-4DD8-A560-0B2321585A3D}.Debug|x86.ActiveCfg = Debug|Any CPU
		{E6B5870A-3ACF-4DD8-A560-0B2321585A3D}.Debug|x86.Build.0 = Debug|Any CPU
		{E6B5870A-3ACF-4DD8-A560-0B2321585A3D}.Release|Any CPU.ActiveCfg = Release|Any CPU
		{E6B5870A-3ACF-4DD8-A560-0B2321585A3D}.Release|Any CPU.Build.0 = Release|Any CPU
		{E6B5870A-3ACF-4DD8-A560-0B2321585A3D}.Release|x64.ActiveCfg = Release|Any CPU
		{E6B5870A-3ACF-4DD8-A560-0B2321585A3D}.Release|x64.Build.0 = Release|Any CPU
		{E6B5870A-3ACF-4DD8-A560-0B2321585A3D}.Release|x86.ActiveCfg = Release|Any CPU
		{E6B5870A-3ACF-4DD8-A560-0B2321585A3D}.Release|x86.Build.0 = Release|Any CPU
		{2706731C-416B-4FB7-89A6-77D21039E6FB}.Debug|Any CPU.ActiveCfg = Debug|Any CPU
		{2706731C-416B-4FB7-89A6-77D21039E6FB}.Debug|Any CPU.Build.0 = Debug|Any CPU
		{2706731C-416B-4FB7-89A6-77D21039E6FB}.Debug|x64.ActiveCfg = Debug|Any CPU
		{2706731C-416B-4FB7-89A6-77D21039E6FB}.Debug|x64.Build.0 = Debug|Any CPU
		{2706731C-416B-4FB7-89A6-77D21039E6FB}.Debug|x86.ActiveCfg = Debug|Any CPU
		{2706731C-416B-4FB7-89A6-77D21039E6FB}.Debug|x86.Build.0 = Debug|Any CPU
		{2706731C-416B-4FB7-89A6-77D21039E6FB}.Release|Any CPU.ActiveCfg = Release|Any CPU
		{2706731C-416B-4FB7-89A6-77D21039E6FB}.Release|Any CPU.Build.0 = Release|Any CPU
		{2706731C-416B-4FB7-89A6-77D21039E6FB}.Release|x64.ActiveCfg = Release|Any CPU
		{2706731C-416B-4FB7-89A6-77D21039E6FB}.Release|x64.Build.0 = Release|Any CPU
		{2706731C-416B-4FB7-89A6-77D21039E6FB}.Release|x86.ActiveCfg = Release|Any CPU
		{2706731C-416B-4FB7-89A6-77D21039E6FB}.Release|x86.Build.0 = Release|Any CPU
		{90CF57F5-286F-45F4-B4F0-A384DD89BE9A}.Debug|Any CPU.ActiveCfg = Debug|Any CPU
		{90CF57F5-286F-45F4-B4F0-A384DD89BE9A}.Debug|Any CPU.Build.0 = Debug|Any CPU
		{90CF57F5-286F-45F4-B4F0-A384DD89BE9A}.Debug|x64.ActiveCfg = Debug|Any CPU
		{90CF57F5-286F-45F4-B4F0-A384DD89BE9A}.Debug|x64.Build.0 = Debug|Any CPU
		{90CF57F5-286F-45F4-B4F0-A384DD89BE9A}.Debug|x86.ActiveCfg = Debug|Any CPU
		{90CF57F5-286F-45F4-B4F0-A384DD89BE9A}.Debug|x86.Build.0 = Debug|Any CPU
		{90CF57F5-286F-45F4-B4F0-A384DD89BE9A}.Release|Any CPU.ActiveCfg = Release|Any CPU
		{90CF57F5-286F-45F4-B4F0-A384DD89BE9A}.Release|Any CPU.Build.0 = Release|Any CPU
		{90CF57F5-286F-45F4-B4F0-A384DD89BE9A}.Release|x64.ActiveCfg = Release|Any CPU
		{90CF57F5-286F-45F4-B4F0-A384DD89BE9A}.Release|x64.Build.0 = Release|Any CPU
		{90CF57F5-286F-45F4-B4F0-A384DD89BE9A}.Release|x86.ActiveCfg = Release|Any CPU
		{90CF57F5-286F-45F4-B4F0-A384DD89BE9A}.Release|x86.Build.0 = Release|Any CPU
		{5B8DA5F1-EFE8-4156-9990-D156139E1CDA}.Debug|Any CPU.ActiveCfg = Debug|Any CPU
		{5B8DA5F1-EFE8-4156-9990-D156139E1CDA}.Debug|Any CPU.Build.0 = Debug|Any CPU
		{5B8DA5F1-EFE8-4156-9990-D156139E1CDA}.Debug|x64.ActiveCfg = Debug|Any CPU
		{5B8DA5F1-EFE8-4156-9990-D156139E1CDA}.Debug|x64.Build.0 = Debug|Any CPU
		{5B8DA5F1-EFE8-4156-9990-D156139E1CDA}.Debug|x86.ActiveCfg = Debug|Any CPU
		{5B8DA5F1-EFE8-4156-9990-D156139E1CDA}.Debug|x86.Build.0 = Debug|Any CPU
		{5B8DA5F1-EFE8-4156-9990-D156139E1CDA}.Release|Any CPU.ActiveCfg = Release|Any CPU
		{5B8DA5F1-EFE8-4156-9990-D156139E1CDA}.Release|Any CPU.Build.0 = Release|Any CPU
		{5B8DA5F1-EFE8-4156-9990-D156139E1CDA}.Release|x64.ActiveCfg = Release|Any CPU
		{5B8DA5F1-EFE8-4156-9990-D156139E1CDA}.Release|x64.Build.0 = Release|Any CPU
		{5B8DA5F1-EFE8-4156-9990-D156139E1CDA}.Release|x86.ActiveCfg = Release|Any CPU
		{5B8DA5F1-EFE8-4156-9990-D156139E1CDA}.Release|x86.Build.0 = Release|Any CPU
	EndGlobalSection
EndGlobal
